{
  "pins" : [
    {
      "identity" : "vera-ios-sdk",
      "kind" : "remoteSourceControl",
      "location" : "git@github.com:resonai/vera-ios-sdk.git",
      "state" : {
        "branch" : "main",
        "revision" : "459f533b3254febf9a00d9127adcb2a11d5d4dd4"
      }
    }
  ],
  "version" : 2
}
