{
  "pins" : [
    {
      "identity" : "vera-ios-sdk",
      "kind" : "remoteSourceControl",
      "location" : "git@github.com:resonai/vera-ios-sdk.git",
      "state" : {
        "branch" : "main",
        "revision" : "ef5bf645f35e6e00579dcfeb71e24b6773fb5ab7"
      }
    }
  ],
  "version" : 2
}
