// !$*UTF8*$!
{
	archiveVersion = 1;
	classes = {
	};
	objectVersion = 55;
	objects = {

/* Begin PBXBuildFile section */
		694673102938D68400B650DE /* TestSizeViewController.swift in Sources */ = {isa = PBXBuildFile; fileRef = 6946730F2938D68400B650DE /* TestSizeViewController.swift */; };
		69D4CC7327E63DC1008FFC6C /* AppDelegate.swift in Sources */ = {isa = PBXBuildFile; fileRef = 69D4CC7227E63DC1008FFC6C /* AppDelegate.swift */; };
		69D4CC7527E63DC1008FFC6C /* SceneDelegate.swift in Sources */ = {isa = PBXBuildFile; fileRef = 69D4CC7427E63DC1008FFC6C /* SceneDelegate.swift */; };
		69D4CC7727E63DC1008FFC6C /* ViewController.swift in Sources */ = {isa = PBXBuildFile; fileRef = 69D4CC7627E63DC1008FFC6C /* ViewController.swift */; };
		69D4CC7A27E63DC1008FFC6C /* Main.storyboard in Resources */ = {isa = PBXBuildFile; fileRef = 69D4CC7827E63DC1008FFC6C /* Main.storyboard */; };
		69D4CC7C27E63DC3008FFC6C /* Assets.xcassets in Resources */ = {isa = PBXBuildFile; fileRef = 69D4CC7B27E63DC3008FFC6C /* Assets.xcassets */; };
		69D4CC7F27E63DC3008FFC6C /* LaunchScreen.storyboard in Resources */ = {isa = PBXBuildFile; fileRef = 69D4CC7D27E63DC3008FFC6C /* LaunchScreen.storyboard */; };
		69F0C8CD299E8E1500AEA18A /* GoogleService-Info.plist in Resources */ = {isa = PBXBuildFile; fileRef = 69F0C8CC299E8E1500AEA18A /* GoogleService-Info.plist */; };
		69F0C8CF299EC8D100AEA18A /* VeraService.swift in Sources */ = {isa = PBXBuildFile; fileRef = 69F0C8CE299EC8D100AEA18A /* VeraService.swift */; };
		B3EA8462B2A6BE85BB549E03 /* Pods_VeraSDKExample_CP.framework in Frameworks */ = {isa = PBXBuildFile; fileRef = D4DA938A1150D48B936943F3 /* Pods_VeraSDKExample_CP.framework */; };
/* End PBXBuildFile section */

/* Begin PBXFileReference section */
		14FC234E753C58F8048BEA8E /* Pods-VeraSDKExample-CP.release.xcconfig */ = {isa = PBXFileReference; includeInIndex = 1; lastKnownFileType = text.xcconfig; name = "Pods-VeraSDKExample-CP.release.xcconfig"; path = "Target Support Files/Pods-VeraSDKExample-CP/Pods-VeraSDKExample-CP.release.xcconfig"; sourceTree = "<group>"; };
		6946730F2938D68400B650DE /* TestSizeViewController.swift */ = {isa = PBXFileReference; lastKnownFileType = sourcecode.swift; path = TestSizeViewController.swift; sourceTree = "<group>"; };
		69D4CC6F27E63DC1008FFC6C /* VeraSDKExample-CP.app */ = {isa = PBXFileReference; explicitFileType = wrapper.application; includeInIndex = 0; path = "VeraSDKExample-CP.app"; sourceTree = BUILT_PRODUCTS_DIR; };
		69D4CC7227E63DC1008FFC6C /* AppDelegate.swift */ = {isa = PBXFileReference; lastKnownFileType = sourcecode.swift; path = AppDelegate.swift; sourceTree = "<group>"; };
		69D4CC7427E63DC1008FFC6C /* SceneDelegate.swift */ = {isa = PBXFileReference; lastKnownFileType = sourcecode.swift; path = SceneDelegate.swift; sourceTree = "<group>"; };
		69D4CC7627E63DC1008FFC6C /* ViewController.swift */ = {isa = PBXFileReference; lastKnownFileType = sourcecode.swift; path = ViewController.swift; sourceTree = "<group>"; };
		69D4CC7927E63DC1008FFC6C /* Base */ = {isa = PBXFileReference; lastKnownFileType = file.storyboard; name = Base; path = Base.lproj/Main.storyboard; sourceTree = "<group>"; };
		69D4CC7B27E63DC3008FFC6C /* Assets.xcassets */ = {isa = PBXFileReference; lastKnownFileType = folder.assetcatalog; path = Assets.xcassets; sourceTree = "<group>"; };
		69D4CC7E27E63DC3008FFC6C /* Base */ = {isa = PBXFileReference; lastKnownFileType = file.storyboard; name = Base; path = Base.lproj/LaunchScreen.storyboard; sourceTree = "<group>"; };
		69D4CC8027E63DC3008FFC6C /* Info.plist */ = {isa = PBXFileReference; lastKnownFileType = text.plist.xml; path = Info.plist; sourceTree = "<group>"; };
		69F0C8CC299E8E1500AEA18A /* GoogleService-Info.plist */ = {isa = PBXFileReference; fileEncoding = 4; lastKnownFileType = text.plist.xml; path = "GoogleService-Info.plist"; sourceTree = "<group>"; };
		69F0C8CE299EC8D100AEA18A /* VeraService.swift */ = {isa = PBXFileReference; lastKnownFileType = sourcecode.swift; path = VeraService.swift; sourceTree = "<group>"; };
		D4DA938A1150D48B936943F3 /* Pods_VeraSDKExample_CP.framework */ = {isa = PBXFileReference; explicitFileType = wrapper.framework; includeInIndex = 0; path = Pods_VeraSDKExample_CP.framework; sourceTree = BUILT_PRODUCTS_DIR; };
		FB41115394237C254A206BF2 /* Pods-VeraSDKExample-CP.debug.xcconfig */ = {isa = PBXFileReference; includeInIndex = 1; lastKnownFileType = text.xcconfig; name = "Pods-VeraSDKExample-CP.debug.xcconfig"; path = "Target Support Files/Pods-VeraSDKExample-CP/Pods-VeraSDKExample-CP.debug.xcconfig"; sourceTree = "<group>"; };
/* End PBXFileReference section */

/* Begin PBXFrameworksBuildPhase section */
		69D4CC6C27E63DC1008FFC6C /* Frameworks */ = {
			isa = PBXFrameworksBuildPhase;
			buildActionMask = 2147483647;
			files = (
				B3EA8462B2A6BE85BB549E03 /* Pods_VeraSDKExample_CP.framework in Frameworks */,
			);
			runOnlyForDeploymentPostprocessing = 0;
		};
/* End PBXFrameworksBuildPhase section */

/* Begin PBXGroup section */
		0A83CE7ED7761C17218C27FA /* Pods */ = {
			isa = PBXGroup;
			children = (
				FB41115394237C254A206BF2 /* Pods-VeraSDKExample-CP.debug.xcconfig */,
				14FC234E753C58F8048BEA8E /* Pods-VeraSDKExample-CP.release.xcconfig */,
			);
			path = Pods;
			sourceTree = "<group>";
		};
		69D4CC6627E63DC1008FFC6C = {
			isa = PBXGroup;
			children = (
				69D4CC7127E63DC1008FFC6C /* VeraSDKExample-CP */,
				69D4CC7027E63DC1008FFC6C /* Products */,
				0A83CE7ED7761C17218C27FA /* Pods */,
				E5737ADAED55307D6473A506 /* Frameworks */,
			);
			sourceTree = "<group>";
		};
		69D4CC7027E63DC1008FFC6C /* Products */ = {
			isa = PBXGroup;
			children = (
				69D4CC6F27E63DC1008FFC6C /* VeraSDKExample-CP.app */,
			);
			name = Products;
			sourceTree = "<group>";
		};
		69D4CC7127E63DC1008FFC6C /* VeraSDKExample-CP */ = {
			isa = PBXGroup;
			children = (
				69D4CC7227E63DC1008FFC6C /* AppDelegate.swift */,
				69D4CC7427E63DC1008FFC6C /* SceneDelegate.swift */,
				69D4CC7627E63DC1008FFC6C /* ViewController.swift */,
				6946730F2938D68400B650DE /* TestSizeViewController.swift */,
				69F0C8CE299EC8D100AEA18A /* VeraService.swift */,
				69D4CC7827E63DC1008FFC6C /* Main.storyboard */,
				69D4CC7B27E63DC3008FFC6C /* Assets.xcassets */,
				69D4CC7D27E63DC3008FFC6C /* LaunchScreen.storyboard */,
				69D4CC8027E63DC3008FFC6C /* Info.plist */,
				69F0C8CC299E8E1500AEA18A /* GoogleService-Info.plist */,
			);
			path = "VeraSDKExample-CP";
			sourceTree = "<group>";
		};
		E5737ADAED55307D6473A506 /* Frameworks */ = {
			isa = PBXGroup;
			children = (
				D4DA938A1150D48B936943F3 /* Pods_VeraSDKExample_CP.framework */,
			);
			name = Frameworks;
			sourceTree = "<group>";
		};
/* End PBXGroup section */

/* Begin PBXNativeTarget section */
		69D4CC6E27E63DC1008FFC6C /* VeraSDKExample-CP */ = {
			isa = PBXNativeTarget;
			buildConfigurationList = 69D4CC8327E63DC3008FFC6C /* Build configuration list for PBXNativeTarget "VeraSDKExample-CP" */;
			buildPhases = (
				B9A1F0BA8A8930E9AE04737B /* [CP] Check Pods Manifest.lock */,
				69D4CC6B27E63DC1008FFC6C /* Sources */,
				69D4CC6C27E63DC1008FFC6C /* Frameworks */,
				69D4CC6D27E63DC1008FFC6C /* Resources */,
				D7D5FC2AA826538C3CBF709A /* [CP] Embed Pods Frameworks */,
			);
			buildRules = (
			);
			dependencies = (
			);
			name = "VeraSDKExample-CP";
			productName = "VeraSDKExample-CP";
			productReference = 69D4CC6F27E63DC1008FFC6C /* VeraSDKExample-CP.app */;
			productType = "com.apple.product-type.application";
		};
/* End PBXNativeTarget section */

/* Begin PBXProject section */
		69D4CC6727E63DC1008FFC6C /* Project object */ = {
			isa = PBXProject;
			attributes = {
				BuildIndependentTargetsInParallel = 1;
				LastSwiftUpdateCheck = 1320;
				LastUpgradeCheck = 1320;
				TargetAttributes = {
					69D4CC6E27E63DC1008FFC6C = {
						CreatedOnToolsVersion = 13.2.1;
					};
				};
			};
			buildConfigurationList = 69D4CC6A27E63DC1008FFC6C /* Build configuration list for PBXProject "VeraSDKExample-CP" */;
			compatibilityVersion = "Xcode 13.0";
			developmentRegion = en;
			hasScannedForEncodings = 0;
			knownRegions = (
				en,
				Base,
			);
			mainGroup = 69D4CC6627E63DC1008FFC6C;
			productRefGroup = 69D4CC7027E63DC1008FFC6C /* Products */;
			projectDirPath = "";
			projectRoot = "";
			targets = (
				69D4CC6E27E63DC1008FFC6C /* VeraSDKExample-CP */,
			);
		};
/* End PBXProject section */

/* Begin PBXResourcesBuildPhase section */
		69D4CC6D27E63DC1008FFC6C /* Resources */ = {
			isa = PBXResourcesBuildPhase;
			buildActionMask = 2147483647;
			files = (
				69D4CC7F27E63DC3008FFC6C /* LaunchScreen.storyboard in Resources */,
				69D4CC7C27E63DC3008FFC6C /* Assets.xcassets in Resources */,
				69D4CC7A27E63DC1008FFC6C /* Main.storyboard in Resources */,
				69F0C8CD299E8E1500AEA18A /* GoogleService-Info.plist in Resources */,
			);
			runOnlyForDeploymentPostprocessing = 0;
		};
/* End PBXResourcesBuildPhase section */

/* Begin PBXShellScriptBuildPhase section */
		B9A1F0BA8A8930E9AE04737B /* [CP] Check Pods Manifest.lock */ = {
			isa = PBXShellScriptBuildPhase;
			buildActionMask = 2147483647;
			files = (
			);
			inputFileListPaths = (
			);
			inputPaths = (
				"${PODS_PODFILE_DIR_PATH}/Podfile.lock",
				"${PODS_ROOT}/Manifest.lock",
			);
			name = "[CP] Check Pods Manifest.lock";
			outputFileListPaths = (
			);
			outputPaths = (
				"$(DERIVED_FILE_DIR)/Pods-VeraSDKExample-CP-checkManifestLockResult.txt",
			);
			runOnlyForDeploymentPostprocessing = 0;
			shellPath = /bin/sh;
			shellScript = "diff \"${PODS_PODFILE_DIR_PATH}/Podfile.lock\" \"${PODS_ROOT}/Manifest.lock\" > /dev/null\nif [ $? != 0 ] ; then\n    # print error to STDERR\n    echo \"error: The sandbox is not in sync with the Podfile.lock. Run 'pod install' or update your CocoaPods installation.\" >&2\n    exit 1\nfi\n# This output is used by Xcode 'outputs' to avoid re-running this script phase.\necho \"SUCCESS\" > \"${SCRIPT_OUTPUT_FILE_0}\"\n";
			showEnvVarsInLog = 0;
		};
		D7D5FC2AA826538C3CBF709A /* [CP] Embed Pods Frameworks */ = {
			isa = PBXShellScriptBuildPhase;
			buildActionMask = 2147483647;
			files = (
			);
			inputFileListPaths = (
				"${PODS_ROOT}/Target Support Files/Pods-VeraSDKExample-CP/Pods-VeraSDKExample-CP-frameworks-${CONFIGURATION}-input-files.xcfilelist",
			);
			name = "[CP] Embed Pods Frameworks";
			outputFileListPaths = (
				"${PODS_ROOT}/Target Support Files/Pods-VeraSDKExample-CP/Pods-VeraSDKExample-CP-frameworks-${CONFIGURATION}-output-files.xcfilelist",
			);
			runOnlyForDeploymentPostprocessing = 0;
			shellPath = /bin/sh;
			shellScript = "\"${PODS_ROOT}/Target Support Files/Pods-VeraSDKExample-CP/Pods-VeraSDKExample-CP-frameworks.sh\"\n";
			showEnvVarsInLog = 0;
		};
/* End PBXShellScriptBuildPhase section */

/* Begin PBXSourcesBuildPhase section */
		69D4CC6B27E63DC1008FFC6C /* Sources */ = {
			isa = PBXSourcesBuildPhase;
			buildActionMask = 2147483647;
			files = (
				69D4CC7727E63DC1008FFC6C /* ViewController.swift in Sources */,
				694673102938D68400B650DE /* TestSizeViewController.swift in Sources */,
				69D4CC7327E63DC1008FFC6C /* AppDelegate.swift in Sources */,
				69F0C8CF299EC8D100AEA18A /* VeraService.swift in Sources */,
				69D4CC7527E63DC1008FFC6C /* SceneDelegate.swift in Sources */,
			);
			runOnlyForDeploymentPostprocessing = 0;
		};
/* End PBXSourcesBuildPhase section */

/* Begin PBXVariantGroup section */
		69D4CC7827E63DC1008FFC6C /* Main.storyboard */ = {
			isa = PBXVariantGroup;
			children = (
				69D4CC7927E63DC1008FFC6C /* Base */,
			);
			name = Main.storyboard;
			sourceTree = "<group>";
		};
		69D4CC7D27E63DC3008FFC6C /* LaunchScreen.storyboard */ = {
			isa = PBXVariantGroup;
			children = (
				69D4CC7E27E63DC3008FFC6C /* Base */,
			);
			name = LaunchScreen.storyboard;
			sourceTree = "<group>";
		};
/* End PBXVariantGroup section */

/* Begin XCBuildConfiguration section */
		69D4CC8127E63DC3008FFC6C /* Debug */ = {
			isa = XCBuildConfiguration;
			buildSettings = {
				ALWAYS_SEARCH_USER_PATHS = NO;
				CLANG_ANALYZER_NONNULL = YES;
				CLANG_ANALYZER_NUMBER_OBJECT_CONVERSION = YES_AGGRESSIVE;
				CLANG_CXX_LANGUAGE_STANDARD = "gnu++17";
				CLANG_CXX_LIBRARY = "libc++";
				CLANG_ENABLE_MODULES = YES;
				CLANG_ENABLE_OBJC_ARC = YES;
				CLANG_ENABLE_OBJC_WEAK = YES;
				CLANG_WARN_BLOCK_CAPTURE_AUTORELEASING = YES;
				CLANG_WARN_BOOL_CONVERSION = YES;
				CLANG_WARN_COMMA = YES;
				CLANG_WARN_CONSTANT_CONVERSION = YES;
				CLANG_WARN_DEPRECATED_OBJC_IMPLEMENTATIONS = YES;
				CLANG_WARN_DIRECT_OBJC_ISA_USAGE = YES_ERROR;
				CLANG_WARN_DOCUMENTATION_COMMENTS = YES;
				CLANG_WARN_EMPTY_BODY = YES;
				CLANG_WARN_ENUM_CONVERSION = YES;
				CLANG_WARN_INFINITE_RECURSION = YES;
				CLANG_WARN_INT_CONVERSION = YES;
				CLANG_WARN_NON_LITERAL_NULL_CONVERSION = YES;
				CLANG_WARN_OBJC_IMPLICIT_RETAIN_SELF = YES;
				CLANG_WARN_OBJC_LITERAL_CONVERSION = YES;
				CLANG_WARN_OBJC_ROOT_CLASS = YES_ERROR;
				CLANG_WARN_QUOTED_INCLUDE_IN_FRAMEWORK_HEADER = YES;
				CLANG_WARN_RANGE_LOOP_ANALYSIS = YES;
				CLANG_WARN_STRICT_PROTOTYPES = YES;
				CLANG_WARN_SUSPICIOUS_MOVE = YES;
				CLANG_WARN_UNGUARDED_AVAILABILITY = YES_AGGRESSIVE;
				CLANG_WARN_UNREACHABLE_CODE = YES;
				CLANG_WARN__DUPLICATE_METHOD_MATCH = YES;
				COPY_PHASE_STRIP = NO;
				DEBUG_INFORMATION_FORMAT = dwarf;
				ENABLE_STRICT_OBJC_MSGSEND = YES;
				ENABLE_TESTABILITY = YES;
				GCC_C_LANGUAGE_STANDARD = gnu11;
				GCC_DYNAMIC_NO_PIC = NO;
				GCC_NO_COMMON_BLOCKS = YES;
				GCC_OPTIMIZATION_LEVEL = 0;
				GCC_PREPROCESSOR_DEFINITIONS = (
					"DEBUG=1",
					"$(inherited)",
				);
				GCC_WARN_64_TO_32_BIT_CONVERSION = YES;
				GCC_WARN_ABOUT_RETURN_TYPE = YES_ERROR;
				GCC_WARN_UNDECLARED_SELECTOR = YES;
				GCC_WARN_UNINITIALIZED_AUTOS = YES_AGGRESSIVE;
				GCC_WARN_UNUSED_FUNCTION = YES;
				GCC_WARN_UNUSED_VARIABLE = YES;
				IPHONEOS_DEPLOYMENT_TARGET = 15.2;
				MTL_ENABLE_DEBUG_INFO = INCLUDE_SOURCE;
				MTL_FAST_MATH = YES;
				ONLY_ACTIVE_ARCH = YES;
				SDKROOT = iphoneos;
				SWIFT_ACTIVE_COMPILATION_CONDITIONS = DEBUG;
				SWIFT_OPTIMIZATION_LEVEL = "-Onone";
			};
			name = Debug;
		};
		69D4CC8227E63DC3008FFC6C /* Release */ = {
			isa = XCBuildConfiguration;
			buildSettings = {
				ALWAYS_SEARCH_USER_PATHS = NO;
				CLANG_ANALYZER_NONNULL = YES;
				CLANG_ANALYZER_NUMBER_OBJECT_CONVERSION = YES_AGGRESSIVE;
				CLANG_CXX_LANGUAGE_STANDARD = "gnu++17";
				CLANG_CXX_LIBRARY = "libc++";
				CLANG_ENABLE_MODULES = YES;
				CLANG_ENABLE_OBJC_ARC = YES;
				CLANG_ENABLE_OBJC_WEAK = YES;
				CLANG_WARN_BLOCK_CAPTURE_AUTORELEASING = YES;
				CLANG_WARN_BOOL_CONVERSION = YES;
				CLANG_WARN_COMMA = YES;
				CLANG_WARN_CONSTANT_CONVERSION = YES;
				CLANG_WARN_DEPRECATED_OBJC_IMPLEMENTATIONS = YES;
				CLANG_WARN_DIRECT_OBJC_ISA_USAGE = YES_ERROR;
				CLANG_WARN_DOCUMENTATION_COMMENTS = YES;
				CLANG_WARN_EMPTY_BODY = YES;
				CLANG_WARN_ENUM_CONVERSION = YES;
				CLANG_WARN_INFINITE_RECURSION = YES;
				CLANG_WARN_INT_CONVERSION = YES;
				CLANG_WARN_NON_LITERAL_NULL_CONVERSION = YES;
				CLANG_WARN_OBJC_IMPLICIT_RETAIN_SELF = YES;
				CLANG_WARN_OBJC_LITERAL_CONVERSION = YES;
				CLANG_WARN_OBJC_ROOT_CLASS = YES_ERROR;
				CLANG_WARN_QUOTED_INCLUDE_IN_FRAMEWORK_HEADER = YES;
				CLANG_WARN_RANGE_LOOP_ANALYSIS = YES;
				CLANG_WARN_STRICT_PROTOTYPES = YES;
				CLANG_WARN_SUSPICIOUS_MOVE = YES;
				CLANG_WARN_UNGUARDED_AVAILABILITY = YES_AGGRESSIVE;
				CLANG_WARN_UNREACHABLE_CODE = YES;
				CLANG_WARN__DUPLICATE_METHOD_MATCH = YES;
				COPY_PHASE_STRIP = NO;
				DEBUG_INFORMATION_FORMAT = "dwarf-with-dsym";
				ENABLE_NS_ASSERTIONS = NO;
				ENABLE_STRICT_OBJC_MSGSEND = YES;
				GCC_C_LANGUAGE_STANDARD = gnu11;
				GCC_NO_COMMON_BLOCKS = YES;
				GCC_WARN_64_TO_32_BIT_CONVERSION = YES;
				GCC_WARN_ABOUT_RETURN_TYPE = YES_ERROR;
				GCC_WARN_UNDECLARED_SELECTOR = YES;
				GCC_WARN_UNINITIALIZED_AUTOS = YES_AGGRESSIVE;
				GCC_WARN_UNUSED_FUNCTION = YES;
				GCC_WARN_UNUSED_VARIABLE = YES;
				IPHONEOS_DEPLOYMENT_TARGET = 15.2;
				MTL_ENABLE_DEBUG_INFO = NO;
				MTL_FAST_MATH = YES;
				SDKROOT = iphoneos;
				SWIFT_COMPILATION_MODE = wholemodule;
				SWIFT_OPTIMIZATION_LEVEL = "-O";
				VALIDATE_PRODUCT = YES;
			};
			name = Release;
		};
		69D4CC8427E63DC3008FFC6C /* Debug */ = {
			isa = XCBuildConfiguration;
			baseConfigurationReference = FB41115394237C254A206BF2 /* Pods-VeraSDKExample-CP.debug.xcconfig */;
			buildSettings = {
				ASSETCATALOG_COMPILER_APPICON_NAME = AppIcon;
				ASSETCATALOG_COMPILER_GLOBAL_ACCENT_COLOR_NAME = AccentColor;
				CODE_SIGN_STYLE = Automatic;
				CURRENT_PROJECT_VERSION = 1;
				DEVELOPMENT_TEAM = 7UB7U8DDCK;
				GENERATE_INFOPLIST_FILE = YES;
				INFOPLIST_FILE = "VeraSDKExample-CP/Info.plist";
				INFOPLIST_KEY_NSCameraUsageDescription = "Magic needs camera access in order to happen!";
				INFOPLIST_KEY_NSLocationWhenInUseUsageDescription = "Vera needs location access to provide accurate AR experiences.";
				INFOPLIST_KEY_UIApplicationSupportsIndirectInputEvents = YES;
				INFOPLIST_KEY_UILaunchStoryboardName = LaunchScreen;
				INFOPLIST_KEY_UIMainStoryboardFile = Main;
				INFOPLIST_KEY_UISupportedInterfaceOrientations_iPad = "UIInterfaceOrientationPortrait UIInterfaceOrientationPortraitUpsideDown UIInterfaceOrientationLandscapeLeft UIInterfaceOrientationLandscapeRight";
				INFOPLIST_KEY_UISupportedInterfaceOrientations_iPhone = "UIInterfaceOrientationPortrait UIInterfaceOrientationLandscapeLeft UIInterfaceOrientationLandscapeRight";
				LD_RUNPATH_SEARCH_PATHS = (
					"$(inherited)",
					"@executable_path/Frameworks",
				);
				MARKETING_VERSION = 1.0;
				PRODUCT_BUNDLE_IDENTIFIER = com.resonai.vera.demo;
				PRODUCT_NAME = "$(TARGET_NAME)";
				SWIFT_EMIT_LOC_STRINGS = YES;
				SWIFT_VERSION = 5.0;
				TARGETED_DEVICE_FAMILY = "1,2";
			};
			name = Debug;
		};
		69D4CC8527E63DC3008FFC6C /* Release */ = {
			isa = XCBuildConfiguration;
			baseConfigurationReference = 14FC234E753C58F8048BEA8E /* Pods-VeraSDKExample-CP.release.xcconfig */;
			buildSettings = {
				ASSETCATALOG_COMPILER_APPICON_NAME = AppIcon;
				ASSETCATALOG_COMPILER_GLOBAL_ACCENT_COLOR_NAME = AccentColor;
				CODE_SIGN_STYLE = Automatic;
				CURRENT_PROJECT_VERSION = 1;
				DEVELOPMENT_TEAM = 7UB7U8DDCK;
				GENERATE_INFOPLIST_FILE = YES;
				INFOPLIST_FILE = "VeraSDKExample-CP/Info.plist";
				INFOPLIST_KEY_NSCameraUsageDescription = "Magic needs camera access in order to happen!";
				INFOPLIST_KEY_NSLocationWhenInUseUsageDescription = "Vera needs location access to provide accurate AR experiences.";
				INFOPLIST_KEY_UIApplicationSupportsIndirectInputEvents = YES;
				INFOPLIST_KEY_UILaunchStoryboardName = LaunchScreen;
				INFOPLIST_KEY_UIMainStoryboardFile = Main;
				INFOPLIST_KEY_UISupportedInterfaceOrientations_iPad = "UIInterfaceOrientationPortrait UIInterfaceOrientationPortraitUpsideDown UIInterfaceOrientationLandscapeLeft UIInterfaceOrientationLandscapeRight";
				INFOPLIST_KEY_UISupportedInterfaceOrientations_iPhone = "UIInterfaceOrientationPortrait UIInterfaceOrientationLandscapeLeft UIInterfaceOrientationLandscapeRight";
				LD_RUNPATH_SEARCH_PATHS = (
					"$(inherited)",
					"@executable_path/Frameworks",
				);
				MARKETING_VERSION = 1.0;
				PRODUCT_BUNDLE_IDENTIFIER = com.resonai.vera.demo;
				PRODUCT_NAME = "$(TARGET_NAME)";
				SWIFT_EMIT_LOC_STRINGS = YES;
				SWIFT_VERSION = 5.0;
				TARGETED_DEVICE_FAMILY = "1,2";
			};
			name = Release;
		};
/* End XCBuildConfiguration section */

/* Begin XCConfigurationList section */
		69D4CC6A27E63DC1008FFC6C /* Build configuration list for PBXProject "VeraSDKExample-CP" */ = {
			isa = XCConfigurationList;
			buildConfigurations = (
				69D4CC8127E63DC3008FFC6C /* Debug */,
				69D4CC8227E63DC3008FFC6C /* Release */,
			);
			defaultConfigurationIsVisible = 0;
			defaultConfigurationName = Release;
		};
		69D4CC8327E63DC3008FFC6C /* Build configuration list for PBXNativeTarget "VeraSDKExample-CP" */ = {
			isa = XCConfigurationList;
			buildConfigurations = (
				69D4CC8427E63DC3008FFC6C /* Debug */,
				69D4CC8527E63DC3008FFC6C /* Release */,
			);
			defaultConfigurationIsVisible = 0;
			defaultConfigurationName = Release;
		};
/* End XCConfigurationList section */
	};
	rootObject = 69D4CC6727E63DC1008FFC6C /* Project object */;
}
